<?xml version="1.0" encoding="utf-8"?>
<Project ToolsVersion="4.0" xmlns="http://schemas.microsoft.com/developer/msbuild/2003">
  <ItemGroup>
    <Filter Include="소스 파일">
      <UniqueIdentifier>{4FC737F1-C7A5-4376-A066-2A32D752A2FF}</UniqueIdentifier>
      <Extensions>cpp;c;cc;cxx;c++;cppm;ixx;def;odl;idl;hpj;bat;asm;asmx</Extensions>
    </Filter>
    <Filter Include="헤더 파일">
      <UniqueIdentifier>{93995380-89BD-4b04-88EB-625FBE52EBFB}</UniqueIdentifier>
      <Extensions>h;hh;hpp;hxx;h++;hm;inl;inc;ipp;xsd</Extensions>
    </Filter>
    <Filter Include="리소스 파일">
      <UniqueIdentifier>{67DA6AB6-F800-4c08-8B7A-83BB121AAD01}</UniqueIdentifier>
      <Extensions>rc;ico;cur;bmp;dlg;rc2;rct;bin;rgs;gif;jpg;jpeg;jpe;resx;tiff;tif;png;wav;mfcribbon-ms</Extensions>
    </Filter>
  </ItemGroup>
  <ItemGroup>
    <ClCompile Include="RNFYRHWK.cpp">
      <Filter>소스 파일</Filter>
    </ClCompile>
    <ClCompile Include="20214최대원 백터.cpp">
      <Filter>소스 파일</Filter>
    </ClCompile>
    <ClCompile Include="Pizza.cpp">
      <Filter>소스 파일</Filter>
    </ClCompile>
    <ClCompile Include="캐릭커.cpp">
      <Filter>소스 파일</Filter>
    </ClCompile>
    <ClCompile Include="동적.cpp">
      <Filter>소스 파일</Filter>
    </ClCompile>
    <ClCompile Include="복사 생성자.cpp">
      <Filter>소스 파일</Filter>
    </ClCompile>
    <ClCompile Include="복소수.cpp">
      <Filter>소스 파일</Filter>
    </ClCompile>
    <ClCompile Include="복사생성자_정의.cpp">
      <Filter>소스 파일</Filter>
    </ClCompile>
    <ClCompile Include="복습하다.cpp">
      <Filter>소스 파일</Filter>
    </ClCompile>
    <ClCompile Include="상속.cpp">
      <Filter>소스 파일</Filter>
    </ClCompile>
    <ClCompile Include="예외처리와 템플릿.cpp">
      <Filter>소스 파일</Filter>
    </ClCompile>
    <ClCompile Include="상속 복습 숙제.cpp">
      <Filter>소스 파일</Filter>
    </ClCompile>
    <ClCompile Include="수행 잔여시간 숙제.cpp">
      <Filter>소스 파일</Filter>
    </ClCompile>
    <ClCompile Include="프로그래머스.cpp">
      <Filter>소스 파일</Filter>
    </ClCompile>
    <ClCompile Include="수행_오답정리.cpp">
      <Filter>소스 파일</Filter>
    </ClCompile>
    <ClCompile Include="수행오답정리_잔여시간.cpp">
      <Filter>소스 파일</Filter>
    </ClCompile>
    <ClCompile Include="스택.cpp">
      <Filter>소스 파일</Filter>
    </ClCompile>
    <ClCompile Include="스택_도전문제.cpp">
      <Filter>소스 파일</Filter>
    </ClCompile>
    <ClCompile Include="스택_백준_문제.cpp">
      <Filter>소스 파일</Filter>
    </ClCompile>
    <ClCompile Include="괄호1.cpp">
      <Filter>소스 파일</Filter>
    </ClCompile>
    <ClCompile Include="괄호2.cpp">
      <Filter>소스 파일</Filter>
    </ClCompile>
    <ClCompile Include="후위표기식.cpp">
      <Filter>소스 파일</Filter>
    </ClCompile>
    <ClCompile Include="후위표기2.cpp">
      <Filter>소스 파일</Filter>
    </ClCompile>
    <ClCompile Include="QUEUE백준vector.cpp">
      <Filter>소스 파일</Filter>
    </ClCompile>
    <ClCompile Include="큐 구현.cpp">
      <Filter>소스 파일</Filter>
    </ClCompile>
    <ClCompile Include="큐백준.cpp">
      <Filter>소스 파일</Filter>
    </ClCompile>
    <ClCompile Include="카드백준.cpp">
      <Filter>소스 파일</Filter>
    </ClCompile>
    <ClCompile Include="백준좋은단어+프로그래머스.cpp">
      <Filter>소스 파일</Filter>
    </ClCompile>
    <ClCompile Include="프로그래머스문제.cpp">
      <Filter>소스 파일</Filter>
    </ClCompile>
    <ClCompile Include="기차.cpp">
      <Filter>소스 파일</Filter>
    </ClCompile>
    <ClCompile Include="프머스큐1.cpp">
      <Filter>소스 파일</Filter>
    </ClCompile>
    <ClCompile Include="프머스큐2.cpp">
      <Filter>소스 파일</Filter>
    </ClCompile>
    <ClCompile Include="프머스큐3.cpp">
      <Filter>소스 파일</Filter>
    </ClCompile>
    <ClCompile Include="연결 리스트 스텍.cpp">
      <Filter>소스 파일</Filter>
    </ClCompile>
    <ClCompile Include="원형큐.cpp">
      <Filter>소스 파일</Filter>
    </ClCompile>
    <ClCompile Include="연결큐.cpp">
      <Filter>소스 파일</Filter>
    </ClCompile>
    <ClCompile Include="요세푸스.cpp">
      <Filter>소스 파일</Filter>
    </ClCompile>
    <ClCompile Include="요세푸스 직접.cpp">
      <Filter>소스 파일</Filter>
    </ClCompile>
    <ClCompile Include="달팽달팽.cpp">
      <Filter>소스 파일</Filter>
    </ClCompile>
    <ClCompile Include="덱문제.cpp">
      <Filter>소스 파일</Filter>
    </ClCompile>
    <ClCompile Include="괄호회전.cpp">
      <Filter>소스 파일</Filter>
    </ClCompile>
    <ClCompile Include="다리 건너기.cpp">
      <Filter>소스 파일</Filter>
    </ClCompile>
    <ClCompile Include="병합정렬.cpp">
      <Filter>소스 파일</Filter>
    </ClCompile>
    <ClCompile Include="숫자카드.cpp">
      <Filter>소스 파일</Filter>
    </ClCompile>
    <ClCompile Include="정렬 연습.cpp">
      <Filter>소스 파일</Filter>
    </ClCompile>
    <ClCompile Include="수 찾기.cpp">
      <Filter>소스 파일</Filter>
    </ClCompile>
    <ClCompile Include="나이순 정렬.cpp">
      <Filter>소스 파일</Filter>
    </ClCompile>
    <ClCompile Include="백준게임.cpp">
      <Filter>소스 파일</Filter>
    </ClCompile>
    <ClCompile Include="이분탐색.cpp">
      <Filter>소스 파일</Filter>
    </ClCompile>
    <ClCompile Include="베스트샐러.cpp">
      <Filter>소스 파일</Filter>
    </ClCompile>
    <ClCompile Include="포켓못.cpp">
      <Filter>소스 파일</Filter>
    </ClCompile>
    <ClCompile Include="그룹단어.cpp">
      <Filter>소스 파일</Filter>
    </ClCompile>
    <ClCompile Include="듣보.cpp">
      <Filter>소스 파일</Filter>
    </ClCompile>
    <ClCompile Include="숫자카드Set.cpp">
      <Filter>소스 파일</Filter>
    </ClCompile>
    <ClCompile Include="프머스 중복문자.cpp">
      <Filter>소스 파일</Filter>
    </ClCompile>
    <ClCompile Include="프머스 없는숫자 더하기.cpp">
      <Filter>소스 파일</Filter>
    </ClCompile>
    <ClCompile Include="정렬알고리즘.cpp">
      <Filter>소스 파일</Filter>
    </ClCompile>
    <ClCompile Include="프머스점.cpp">
      <Filter>소스 파일</Filter>
    </ClCompile>
    <ClCompile Include="테스트.cpp">
      <Filter>소스 파일</Filter>
    </ClCompile>
    <ClCompile Include="알고리즘 연습1.cpp">
      <Filter>소스 파일</Filter>
    </ClCompile>
    <ClCompile Include="백준 문자열폭발.cpp">
      <Filter>소스 파일</Filter>
    </ClCompile>
    <ClCompile Include="메시지방.cpp">
      <Filter>소스 파일</Filter>
    </ClCompile>
    <ClCompile Include="별을찍다5.cpp">
      <Filter>소스 파일</Filter>
    </ClCompile>
    <ClCompile Include="레이저를쏘다.cpp">
      <Filter>소스 파일</Filter>
    </ClCompile>
    <ClCompile Include="최소원최대원.cpp">
      <Filter>소스 파일</Filter>
    </ClCompile>
    <ClCompile Include="공바꾸기.cpp">
      <Filter>소스 파일</Filter>
    </ClCompile>
    <ClCompile Include="공.cpp">
      <Filter>소스 파일</Filter>
    </ClCompile>
    <ClCompile Include="대칭차집합.cpp">
      <Filter>소스 파일</Filter>
    </ClCompile>
    <ClCompile Include="7급전산직공무원시험cpp.cpp">
      <Filter>소스 파일</Filter>
    </ClCompile>
    <ClCompile Include="인접행렬그래프.cpp">
      <Filter>소스 파일</Filter>
    </ClCompile>
    <ClCompile Include="미로 탐색.cpp">
      <Filter>소스 파일</Filter>
    </ClCompile>
    <ClCompile Include="프로그래머스_미로.cpp">
      <Filter>소스 파일</Filter>
    </ClCompile>
    <ClCompile Include="특정거리도시찾기.cpp">
      <Filter>소스 파일</Filter>
    </ClCompile>
    <ClCompile Include="거리특정시도찾지않기.cpp">
      <Filter>소스 파일</Filter>
    </ClCompile>
    <ClCompile Include="뜨거운강아지.cpp">
      <Filter>소스 파일</Filter>
    </ClCompile>
    <ClCompile Include="영농.cpp">
      <Filter>소스 파일</Filter>
    </ClCompile>
    <ClCompile Include="경우의수.cpp">
      <Filter>소스 파일</Filter>
    </ClCompile>
    <ClCompile Include="네트워크가아니다이몸자료구조다.cpp">
      <Filter>소스 파일</Filter>
    </ClCompile>
    <ClCompile Include="DFS와BFS.cpp">
      <Filter>소스 파일</Filter>
    </ClCompile>
    <ClCompile Include="특정거리도시부수기.cpp">
      <Filter>소스 파일</Filter>
    </ClCompile>
    <ClCompile Include="특정거리도사파괴하기.cpp">
      <Filter>소스 파일</Filter>
    </ClCompile>
    <ClCompile Include="특정거리도시파멸시키기.cpp">
      <Filter>소스 파일</Filter>
    </ClCompile>
    <ClCompile Include="농부는오늘도배추를키웁니다.cpp">
      <Filter>소스 파일</Filter>
    </ClCompile>
    <ClCompile Include="내맘에핑크가버블버블.cpp">
      <Filter>소스 파일</Filter>
    </ClCompile>
    <ClCompile Include="너의나이는.cpp">
      <Filter>소스 파일</Filter>
    </ClCompile>
    <ClCompile Include="50000원짜리동전.cpp">
      <Filter>소스 파일</Filter>
    </ClCompile>
    <ClCompile Include="해괴망측한암호화.cpp">
      <Filter>소스 파일</Filter>
    </ClCompile>
    <ClCompile Include="열자문.cpp">
      <Filter>소스 파일</Filter>
    </ClCompile>
    <ClCompile Include="아스키와코드.cpp">
      <Filter>소스 파일</Filter>
    </ClCompile>
    <ClCompile Include="구구단을외우자.cpp">
      <Filter>소스 파일</Filter>
    </ClCompile>
    <ClCompile Include="나는 찍다 별.cpp">
      <Filter>소스 파일</Filter>
    </ClCompile>
    <ClCompile Include="영수증을 깨끗하게.cpp">
      <Filter>소스 파일</Filter>
    </ClCompile>
    <ClCompile Include="3번째로큰사람.cpp">
      <Filter>소스 파일</Filter>
    </ClCompile>
    <ClCompile Include="0이몇개.cpp">
      <Filter>소스 파일</Filter>
    </ClCompile>
    <ClCompile Include="bt.cpp">
      <Filter>소스 파일</Filter>
    </ClCompile>
    <ClCompile Include="나무.cpp">
      <Filter>소스 파일</Filter>
    </ClCompile>
    <ClCompile Include="수를찾다.cpp">
      <Filter>소스 파일</Filter>
    </ClCompile>
    <ClCompile Include="이진이검색나무.cpp">
      <Filter>소스 파일</Filter>
    </ClCompile>
    <ClCompile Include="준서야찾아줘.cpp">
      <Filter>소스 파일</Filter>
    </ClCompile>
    <ClCompile Include="나무 키우기.cpp">
      <Filter>소스 파일</Filter>
    </ClCompile>
    <ClCompile Include="워프 기계가 말이냐.cpp">
      <Filter>소스 파일</Filter>
    </ClCompile>
    <ClCompile Include="데브시스터즈_식당.cpp">
      <Filter>소스 파일</Filter>
    </ClCompile>
    <ClCompile Include="매이플스토리.cpp">
      <Filter>소스 파일</Filter>
    </ClCompile>
    <ClCompile Include="프머스배열.cpp">
      <Filter>소스 파일</Filter>
    </ClCompile>
    <ClCompile Include="프머스문자지우기.cpp">
      <Filter>소스 파일</Filter>
    </ClCompile>
    <ClCompile Include="프로그래머스_경우의수.cpp">
      <Filter>소스 파일</Filter>
    </ClCompile>
    <ClCompile Include="프로그레머스_조회수.cpp">
      <Filter>소스 파일</Filter>
    </ClCompile>
    <ClCompile Include="프로그래머스_배열_복습.cpp">
      <Filter>소스 파일</Filter>
    </ClCompile>
    <ClCompile Include="메이플스토리_복습.cpp">
      <Filter>소스 파일</Filter>
    </ClCompile>
    <ClCompile Include="해빈이의 패션쇼.cpp">
      <Filter>소스 파일</Filter>
    </ClCompile>
    <ClCompile Include="회사에 누가 있을까.cpp">
      <Filter>소스 파일</Filter>
    </ClCompile>
    <ClCompile Include="렬정.cpp">
      <Filter>소스 파일</Filter>
    </ClCompile>
    <ClCompile Include="자숫렬정.cpp">
      <Filter>소스 파일</Filter>
    </ClCompile>
    <ClCompile Include="수정.cpp">
      <Filter>소스 파일</Filter>
    </ClCompile>
    <ClCompile Include="신고 물어뜯기.cpp">
      <Filter>소스 파일</Filter>
    </ClCompile>
    <ClCompile Include="배스트앨범_디버깅.cpp">
      <Filter>소스 파일</Filter>
    </ClCompile>
    <ClCompile Include="상근이는나무를자르지못해.cpp">
      <Filter>소스 파일</Filter>
    </ClCompile>
    <ClCompile Include="상근이는카드를찾을수없어.cpp">
      <Filter>소스 파일</Filter>
    </ClCompile>
    <ClCompile Include="휘성이는먹는쪽.cpp">
      <Filter>소스 파일</Filter>
    </ClCompile>
    <ClCompile Include="입국거부.cpp">
      <Filter>소스 파일</Filter>
    </ClCompile>
    <ClCompile Include="LBUB.cpp">
      <Filter>소스 파일</Filter>
    </ClCompile>
    <ClCompile Include="인터넷도 하지마.cpp">
      <Filter>소스 파일</Filter>
    </ClCompile>
    <ClCompile Include="이제 인터넷 해.cpp">
      <Filter>소스 파일</Filter>
    </ClCompile>
    <ClCompile Include="예산배분.cpp">
      <Filter>소스 파일</Filter>
    </ClCompile>
    <ClCompile Include="피치나보열수.cpp">
      <Filter>소스 파일</Filter>
    </ClCompile>
    <ClCompile Include="반파도열수.cpp">
      <Filter>소스 파일</Filter>
    </ClCompile>
    <ClCompile Include="삼각형과파스칼_1.cpp">
      <Filter>소스 파일</Filter>
    </ClCompile>
    <ClCompile Include="삼각형과파스칼_2.cpp">
      <Filter>소스 파일</Filter>
    </ClCompile>
    <ClCompile Include="1로만들기.cpp">
      <Filter>소스 파일</Filter>
    </ClCompile>
    <ClCompile Include="특별한 배낭.cpp">
      <Filter>소스 파일</Filter>
    </ClCompile>
    <ClCompile Include="이세계로전이되어채육을하려하는데채육복을잃어버린건에대하여.cpp">
      <Filter>소스 파일</Filter>
    </ClCompile>
    <ClCompile Include="2원짜리동전.cpp">
      <Filter>소스 파일</Filter>
    </ClCompile>
    <ClCompile Include="12원짜리동전.cpp">
      <Filter>소스 파일</Filter>
    </ClCompile>
    <ClCompile Include="곱샘의수.cpp">
      <Filter>소스 파일</Filter>
    </ClCompile>
    <ClCompile Include="스승의은혜.cpp">
      <Filter>소스 파일</Filter>
    </ClCompile>
  </ItemGroup>
  <ItemGroup>
    <ClInclude Include="RNFYRHWK.h">
      <Filter>헤더 파일</Filter>
    </ClInclude>
    <ClInclude Include="resource.h">
      <Filter>헤더 파일</Filter>
    </ClInclude>
    <ClInclude Include="bt.h">
      <Filter>헤더 파일</Filter>
    </ClInclude>
  </ItemGroup>
  <ItemGroup>
    <ResourceCompile Include="RNFYRHWK.rc">
      <Filter>리소스 파일</Filter>
    </ResourceCompile>
  </ItemGroup>
</Project>